// !$*UTF8*$!
{
	archiveVersion = 1;
	classes = {
	};
	objectVersion = 46;
	objects = {

/* Begin PBXBuildFile section */
		5B1814E21D78FEC200DAD7CA /* main.m in Sources */ = {isa = PBXBuildFile; fileRef = 5B1814E11D78FEC200DAD7CA /* main.m */; };
		5B1814E51D78FEC200DAD7CA /* AppDelegate.m in Sources */ = {isa = PBXBuildFile; fileRef = 5B1814E41D78FEC200DAD7CA /* AppDelegate.m */; };
		5B1814E81D78FEC200DAD7CA /* Start.m in Sources */ = {isa = PBXBuildFile; fileRef = 5B1814E71D78FEC200DAD7CA /* Start.m */; };
		5B1814EB1D78FEC200DAD7CA /* Main.storyboard in Resources */ = {isa = PBXBuildFile; fileRef = 5B1814E91D78FEC200DAD7CA /* Main.storyboard */; };
		5B1814EE1D78FEC200DAD7CA /* Proyecto.xcdatamodeld in Sources */ = {isa = PBXBuildFile; fileRef = 5B1814EC1D78FEC200DAD7CA /* Proyecto.xcdatamodeld */; };
		5B1814F01D78FEC200DAD7CA /* Assets.xcassets in Resources */ = {isa = PBXBuildFile; fileRef = 5B1814EF1D78FEC200DAD7CA /* Assets.xcassets */; };
		5B1814F31D78FEC200DAD7CA /* LaunchScreen.storyboard in Resources */ = {isa = PBXBuildFile; fileRef = 5B1814F11D78FEC200DAD7CA /* LaunchScreen.storyboard */; };
/* End PBXBuildFile section */

/* Begin PBXFileReference section */
		5B1814DD1D78FEC200DAD7CA /* Proyecto.app */ = {isa = PBXFileReference; explicitFileType = wrapper.application; includeInIndex = 0; path = Proyecto.app; sourceTree = BUILT_PRODUCTS_DIR; };
		5B1814E11D78FEC200DAD7CA /* main.m */ = {isa = PBXFileReference; lastKnownFileType = sourcecode.c.objc; path = main.m; sourceTree = "<group>"; };
		5B1814E31D78FEC200DAD7CA /* AppDelegate.h */ = {isa = PBXFileReference; lastKnownFileType = sourcecode.c.h; path = AppDelegate.h; sourceTree = "<group>"; };
		5B1814E41D78FEC200DAD7CA /* AppDelegate.m */ = {isa = PBXFileReference; lastKnownFileType = sourcecode.c.objc; path = AppDelegate.m; sourceTree = "<group>"; };
		5B1814E61D78FEC200DAD7CA /* Start.h */ = {isa = PBXFileReference; lastKnownFileType = sourcecode.c.h; path = Start.h; sourceTree = "<group>"; };
		5B1814E71D78FEC200DAD7CA /* Start.m */ = {isa = PBXFileReference; lastKnownFileType = sourcecode.c.objc; path = Start.m; sourceTree = "<group>"; };
		5B1814EA1D78FEC200DAD7CA /* Base */ = {isa = PBXFileReference; lastKnownFileType = file.storyboard; name = Base; path = Base.lproj/Main.storyboard; sourceTree = "<group>"; };
		5B1814ED1D78FEC200DAD7CA /* Proyecto.xcdatamodel */ = {isa = PBXFileReference; lastKnownFileType = wrapper.xcdatamodel; path = Proyecto.xcdatamodel; sourceTree = "<group>"; };
		5B1814EF1D78FEC200DAD7CA /* Assets.xcassets */ = {isa = PBXFileReference; lastKnownFileType = folder.assetcatalog; path = Assets.xcassets; sourceTree = "<group>"; };
		5B1814F21D78FEC200DAD7CA /* Base */ = {isa = PBXFileReference; lastKnownFileType = file.storyboard; name = Base; path = Base.lproj/LaunchScreen.storyboard; sourceTree = "<group>"; };
		5B1814F41D78FEC200DAD7CA /* Info.plist */ = {isa = PBXFileReference; lastKnownFileType = text.plist.xml; path = Info.plist; sourceTree = "<group>"; };
/* End PBXFileReference section */

/* Begin PBXFrameworksBuildPhase section */
		5B1814DA1D78FEC200DAD7CA /* Frameworks */ = {
			isa = PBXFrameworksBuildPhase;
			buildActionMask = 2147483647;
			files = (
			);
			runOnlyForDeploymentPostprocessing = 0;
		};
/* End PBXFrameworksBuildPhase section */

/* Begin PBXGroup section */
		5B1814D41D78FEC200DAD7CA = {
			isa = PBXGroup;
			children = (
				5B1814DF1D78FEC200DAD7CA /* Proyecto */,
				5B1814DE1D78FEC200DAD7CA /* Products */,
			);
			sourceTree = "<group>";
		};
		5B1814DE1D78FEC200DAD7CA /* Products */ = {
			isa = PBXGroup;
			children = (
				5B1814DD1D78FEC200DAD7CA /* Proyecto.app */,
			);
			name = Products;
			sourceTree = "<group>";
		};
		5B1814DF1D78FEC200DAD7CA /* Proyecto */ = {
			isa = PBXGroup;
			children = (
				5B1814FC1D78FF0900DAD7CA /* Controllers */,
				5B1814FA1D78FEFA00DAD7CA /* Main */,
				5B1814E91D78FEC200DAD7CA /* Main.storyboard */,
				5B1814EF1D78FEC200DAD7CA /* Assets.xcassets */,
				5B1814F11D78FEC200DAD7CA /* LaunchScreen.storyboard */,
				5B1814F41D78FEC200DAD7CA /* Info.plist */,
				5B1814EC1D78FEC200DAD7CA /* Proyecto.xcdatamodeld */,
				5B1814E01D78FEC200DAD7CA /* Supporting Files */,
			);
			path = Proyecto;
			sourceTree = "<group>";
		};
		5B1814E01D78FEC200DAD7CA /* Supporting Files */ = {
			isa = PBXGroup;
			children = (
				5B1814E11D78FEC200DAD7CA /* main.m */,
			);
			name = "Supporting Files";
			sourceTree = "<group>";
		};
		5B1814FA1D78FEFA00DAD7CA /* Main */ = {
			isa = PBXGroup;
			children = (
				5B1814E31D78FEC200DAD7CA /* AppDelegate.h */,
				5B1814E41D78FEC200DAD7CA /* AppDelegate.m */,
			);
			name = Main;
			sourceTree = "<group>";
		};
		5B1814FC1D78FF0900DAD7CA /* Controllers */ = {
			isa = PBXGroup;
			children = (
				5B1814E61D78FEC200DAD7CA /* Start.h */,
				5B1814E71D78FEC200DAD7CA /* Start.m */,
			);
			name = Controllers;
			sourceTree = "<group>";
		};
/* End PBXGroup section */

/* Begin PBXNativeTarget section */
		5B1814DC1D78FEC200DAD7CA /* Proyecto */ = {
			isa = PBXNativeTarget;
			buildConfigurationList = 5B1814F71D78FEC200DAD7CA /* Build configuration list for PBXNativeTarget "Proyecto" */;
			buildPhases = (
				5B1814D91D78FEC200DAD7CA /* Sources */,
				5B1814DA1D78FEC200DAD7CA /* Frameworks */,
				5B1814DB1D78FEC200DAD7CA /* Resources */,
			);
			buildRules = (
			);
			dependencies = (
			);
			name = Proyecto;
			productName = Proyecto;
			productReference = 5B1814DD1D78FEC200DAD7CA /* Proyecto.app */;
			productType = "com.apple.product-type.application";
		};
/* End PBXNativeTarget section */

/* Begin PBXProject section */
		5B1814D51D78FEC200DAD7CA /* Project object */ = {
			isa = PBXProject;
			attributes = {
				LastUpgradeCheck = 0730;
				ORGANIZATIONNAME = UAG;
				TargetAttributes = {
					5B1814DC1D78FEC200DAD7CA = {
						CreatedOnToolsVersion = 7.3.1;
					};
				};
			};
			buildConfigurationList = 5B1814D81D78FEC200DAD7CA /* Build configuration list for PBXProject "Proyecto" */;
			compatibilityVersion = "Xcode 3.2";
			developmentRegion = English;
			hasScannedForEncodings = 0;
			knownRegions = (
				en,
				Base,
			);
			mainGroup = 5B1814D41D78FEC200DAD7CA;
			productRefGroup = 5B1814DE1D78FEC200DAD7CA /* Products */;
			projectDirPath = "";
			projectRoot = "";
			targets = (
				5B1814DC1D78FEC200DAD7CA /* Proyecto */,
			);
		};
/* End PBXProject section */

/* Begin PBXResourcesBuildPhase section */
		5B1814DB1D78FEC200DAD7CA /* Resources */ = {
			isa = PBXResourcesBuildPhase;
			buildActionMask = 2147483647;
			files = (
				5B1814F31D78FEC200DAD7CA /* LaunchScreen.storyboard in Resources */,
				5B1814F01D78FEC200DAD7CA /* Assets.xcassets in Resources */,
				5B1814EB1D78FEC200DAD7CA /* Main.storyboard in Resources */,
			);
			runOnlyForDeploymentPostprocessing = 0;
		};
/* End PBXResourcesBuildPhase section */

/* Begin PBXSourcesBuildPhase section */
		5B1814D91D78FEC200DAD7CA /* Sources */ = {
			isa = PBXSourcesBuildPhase;
			buildActionMask = 2147483647;
			files = (
				5B1814E81D78FEC200DAD7CA /* Start.m in Sources */,
				5B1814E51D78FEC200DAD7CA /* AppDelegate.m in Sources */,
				5B1814EE1D78FEC200DAD7CA /* Proyecto.xcdatamodeld in Sources */,
				5B1814E21D78FEC200DAD7CA /* main.m in Sources */,
			);
			runOnlyForDeploymentPostprocessing = 0;
		};
/* End PBXSourcesBuildPhase section */

/* Begin PBXVariantGroup section */
		5B1814E91D78FEC200DAD7CA /* Main.storyboard */ = {
			isa = PBXVariantGroup;
			children = (
				5B1814EA1D78FEC200DAD7CA /* Base */,
			);
			name = Main.storyboard;
			sourceTree = "<group>";
		};
		5B1814F11D78FEC200DAD7CA /* LaunchScreen.storyboard */ = {
			isa = PBXVariantGroup;
			children = (
				5B1814F21D78FEC200DAD7CA /* Base */,
			);
			name = LaunchScreen.storyboard;
			sourceTree = "<group>";
		};
/* End PBXVariantGroup section */

/* Begin XCBuildConfiguration section */
		5B1814F51D78FEC200DAD7CA /* Debug */ = {
			isa = XCBuildConfiguration;
			buildSettings = {
				ALWAYS_SEARCH_USER_PATHS = NO;
				CLANG_ANALYZER_NONNULL = YES;
				CLANG_CXX_LANGUAGE_STANDARD = "gnu++0x";
				CLANG_CXX_LIBRARY = "libc++";
				CLANG_ENABLE_MODULES = YES;
				CLANG_ENABLE_OBJC_ARC = YES;
				CLANG_WARN_BOOL_CONVERSION = YES;
				CLANG_WARN_CONSTANT_CONVERSION = YES;
				CLANG_WARN_DIRECT_OBJC_ISA_USAGE = YES_ERROR;
				CLANG_WARN_EMPTY_BODY = YES;
				CLANG_WARN_ENUM_CONVERSION = YES;
				CLANG_WARN_INT_CONVERSION = YES;
				CLANG_WARN_OBJC_ROOT_CLASS = YES_ERROR;
				CLANG_WARN_UNREACHABLE_CODE = YES;
				CLANG_WARN__DUPLICATE_METHOD_MATCH = YES;
				"CODE_SIGN_IDENTITY[sdk=iphoneos*]" = "iPhone Developer";
				COPY_PHASE_STRIP = NO;
				DEBUG_INFORMATION_FORMAT = dwarf;
				ENABLE_STRICT_OBJC_MSGSEND = YES;
				ENABLE_TESTABILITY = YES;
				GCC_C_LANGUAGE_STANDARD = gnu99;
				GCC_DYNAMIC_NO_PIC = NO;
				GCC_NO_COMMON_BLOCKS = YES;
				GCC_OPTIMIZATION_LEVEL = 0;
				GCC_PREPROCESSOR_DEFINITIONS = (
					"DEBUG=1",
					"$(inherited)",
				);
				GCC_WARN_64_TO_32_BIT_CONVERSION = YES;
				GCC_WARN_ABOUT_RETURN_TYPE = YES_ERROR;
				GCC_WARN_UNDECLARED_SELECTOR = YES;
				GCC_WARN_UNINITIALIZED_AUTOS = YES_AGGRESSIVE;
				GCC_WARN_UNUSED_FUNCTION = YES;
				GCC_WARN_UNUSED_VARIABLE = YES;
				IPHONEOS_DEPLOYMENT_TARGET = 9.3;
				MTL_ENABLE_DEBUG_INFO = YES;
				ONLY_ACTIVE_ARCH = YES;
				SDKROOT = iphoneos;
			};
			name = Debug;
		};
		5B1814F61D78FEC200DAD7CA /* Release */ = {
			isa = XCBuildConfiguration;
			buildSettings = {
				ALWAYS_SEARCH_USER_PATHS = NO;
				CLANG_ANALYZER_NONNULL = YES;
				CLANG_CXX_LANGUAGE_STANDARD = "gnu++0x";
				CLANG_CXX_LIBRARY = "libc++";
				CLANG_ENABLE_MODULES = YES;
				CLANG_ENABLE_OBJC_ARC = YES;
				CLANG_WARN_BOOL_CONVERSION = YES;
				CLANG_WARN_CONSTANT_CONVERSION = YES;
				CLANG_WARN_DIRECT_OBJC_ISA_USAGE = YES_ERROR;
				CLANG_WARN_EMPTY_BODY = YES;
				CLANG_WARN_ENUM_CONVERSION = YES;
				CLANG_WARN_INT_CONVERSION = YES;
				CLANG_WARN_OBJC_ROOT_CLASS = YES_ERROR;
				CLANG_WARN_UNREACHABLE_CODE = YES;
				CLANG_WARN__DUPLICATE_METHOD_MATCH = YES;
				"CODE_SIGN_IDENTITY[sdk=iphoneos*]" = "iPhone Developer";
				COPY_PHASE_STRIP = NO;
				DEBUG_INFORMATION_FORMAT = "dwarf-with-dsym";
				ENABLE_NS_ASSERTIONS = NO;
				ENABLE_STRICT_OBJC_MSGSEND = YES;
				GCC_C_LANGUAGE_STANDARD = gnu99;
				GCC_NO_COMMON_BLOCKS = YES;
				GCC_WARN_64_TO_32_BIT_CONVERSION = YES;
				GCC_WARN_ABOUT_RETURN_TYPE = YES_ERROR;
				GCC_WARN_UNDECLARED_SELECTOR = YES;
				GCC_WARN_UNINITIALIZED_AUTOS = YES_AGGRESSIVE;
				GCC_WARN_UNUSED_FUNCTION = YES;
				GCC_WARN_UNUSED_VARIABLE = YES;
				IPHONEOS_DEPLOYMENT_TARGET = 9.3;
				MTL_ENABLE_DEBUG_INFO = NO;
				SDKROOT = iphoneos;
				VALIDATE_PRODUCT = YES;
			};
			name = Release;
		};
		5B1814F81D78FEC200DAD7CA /* Debug */ = {
			isa = XCBuildConfiguration;
			buildSettings = {
				ASSETCATALOG_COMPILER_APPICON_NAME = AppIcon;
				INFOPLIST_FILE = Proyecto/Info.plist;
				LD_RUNPATH_SEARCH_PATHS = "$(inherited) @executable_path/Frameworks";
				PRODUCT_BUNDLE_IDENTIFIER = com.UAG.Proyecto;
				PRODUCT_NAME = "$(TARGET_NAME)";
			};
			name = Debug;
		};
		5B1814F91D78FEC200DAD7CA /* Release */ = {
			isa = XCBuildConfiguration;
			buildSettings = {
				ASSETCATALOG_COMPILER_APPICON_NAME = AppIcon;
				INFOPLIST_FILE = Proyecto/Info.plist;
				LD_RUNPATH_SEARCH_PATHS = "$(inherited) @executable_path/Frameworks";
				PRODUCT_BUNDLE_IDENTIFIER = com.UAG.Proyecto;
				PRODUCT_NAME = "$(TARGET_NAME)";
			};
			name = Release;
		};
/* End XCBuildConfiguration section */

/* Begin XCConfigurationList section */
		5B1814D81D78FEC200DAD7CA /* Build configuration list for PBXProject "Proyecto" */ = {
			isa = XCConfigurationList;
			buildConfigurations = (
				5B1814F51D78FEC200DAD7CA /* Debug */,
				5B1814F61D78FEC200DAD7CA /* Release */,
			);
			defaultConfigurationIsVisible = 0;
			defaultConfigurationName = Release;
		};
		5B1814F71D78FEC200DAD7CA /* Build configuration list for PBXNativeTarget "Proyecto" */ = {
			isa = XCConfigurationList;
			buildConfigurations = (
				5B1814F81D78FEC200DAD7CA /* Debug */,
				5B1814F91D78FEC200DAD7CA /* Release */,
			);
			defaultConfigurationIsVisible = 0;
		};
/* End XCConfigurationList section */

/* Begin XCVersionGroup section */
		5B1814EC1D78FEC200DAD7CA /* Proyecto.xcdatamodeld */ = {
			isa = XCVersionGroup;
			children = (
				5B1814ED1D78FEC200DAD7CA /* Proyecto.xcdatamodel */,
			);
			currentVersion = 5B1814ED1D78FEC200DAD7CA /* Proyecto.xcdatamodel */;
			path = Proyecto.xcdatamodeld;
			sourceTree = "<group>";
			versionGroupType = wrapper.xcdatamodel;
		};
/* End XCVersionGroup section */
	};
	rootObject = 5B1814D51D78FEC200DAD7CA /* Project object */;
}
