// !$*UTF8*$!
{
	archiveVersion = 1;
	classes = {
	};
	objectVersion = 46;
	objects = {

/* Begin PBXBuildFile section */
		5B1814E21D78FEC200DAD7CA /* main.m in Sources */ = {isa = PBXBuildFile; fileRef = 5B1814E11D78FEC200DAD7CA /* main.m */; };
		5B1814E51D78FEC200DAD7CA /* AppDelegate.m in Sources */ = {isa = PBXBuildFile; fileRef = 5B1814E41D78FEC200DAD7CA /* AppDelegate.m */; };
		5B1814E81D78FEC200DAD7CA /* Start.m in Sources */ = {isa = PBXBuildFile; fileRef = 5B1814E71D78FEC200DAD7CA /* Start.m */; };
		5B1814EB1D78FEC200DAD7CA /* Main.storyboard in Resources */ = {isa = PBXBuildFile; fileRef = 5B1814E91D78FEC200DAD7CA /* Main.storyboard */; };
		5B1814EE1D78FEC200DAD7CA /* Proyecto.xcdatamodeld in Sources */ = {isa = PBXBuildFile; fileRef = 5B1814EC1D78FEC200DAD7CA /* Proyecto.xcdatamodeld */; };
		5B1814F01D78FEC200DAD7CA /* Assets.xcassets in Resources */ = {isa = PBXBuildFile; fileRef = 5B1814EF1D78FEC200DAD7CA /* Assets.xcassets */; };
		5B1814F31D78FEC200DAD7CA /* LaunchScreen.storyboard in Resources */ = {isa = PBXBuildFile; fileRef = 5B1814F11D78FEC200DAD7CA /* LaunchScreen.storyboard */; };
		5B1818411D79009500DAD7CA /* PF2.jpg in Resources */ = {isa = PBXBuildFile; fileRef = 5B1818401D79009500DAD7CA /* PF2.jpg */; };
		5B18184D1D79048B00DAD7CA /* Footer_1.png in Resources */ = {isa = PBXBuildFile; fileRef = 5B18184C1D79048B00DAD7CA /* Footer_1.png */; };
		5B18184F1D7904E500DAD7CA /* Footer_2.png in Resources */ = {isa = PBXBuildFile; fileRef = 5B18184E1D7904E500DAD7CA /* Footer_2.png */; };
		5B1818531D79061100DAD7CA /* T2.png in Resources */ = {isa = PBXBuildFile; fileRef = 5B1818521D79061100DAD7CA /* T2.png */; };
		5B1818551D79066300DAD7CA /* Btt2.png in Resources */ = {isa = PBXBuildFile; fileRef = 5B1818541D79066300DAD7CA /* Btt2.png */; };
		5B1818571D79066900DAD7CA /* Icon_1.png in Resources */ = {isa = PBXBuildFile; fileRef = 5B1818561D79066900DAD7CA /* Icon_1.png */; };
		5B18185A1D79078A00DAD7CA /* Second_Display.m in Sources */ = {isa = PBXBuildFile; fileRef = 5B1818591D79078A00DAD7CA /* Second_Display.m */; };
		5B1818681D790AF700DAD7CA /* Level1.png in Resources */ = {isa = PBXBuildFile; fileRef = 5B18185F1D790AF700DAD7CA /* Level1.png */; };
		5B1818691D790AF700DAD7CA /* Level2.png in Resources */ = {isa = PBXBuildFile; fileRef = 5B1818601D790AF700DAD7CA /* Level2.png */; };
		5B18186A1D790AF700DAD7CA /* Level3.png in Resources */ = {isa = PBXBuildFile; fileRef = 5B1818611D790AF700DAD7CA /* Level3.png */; };
		5B18186B1D790AF700DAD7CA /* Level4.png in Resources */ = {isa = PBXBuildFile; fileRef = 5B1818621D790AF700DAD7CA /* Level4.png */; };
		5B18186C1D790AF700DAD7CA /* Level5.png in Resources */ = {isa = PBXBuildFile; fileRef = 5B1818631D790AF700DAD7CA /* Level5.png */; };
		5B18186D1D790AF700DAD7CA /* Level6.png in Resources */ = {isa = PBXBuildFile; fileRef = 5B1818641D790AF700DAD7CA /* Level6.png */; };
		5B18186E1D790AF700DAD7CA /* Level7.png in Resources */ = {isa = PBXBuildFile; fileRef = 5B1818651D790AF700DAD7CA /* Level7.png */; };
		5B18186F1D790AF700DAD7CA /* Level8.png in Resources */ = {isa = PBXBuildFile; fileRef = 5B1818661D790AF700DAD7CA /* Level8.png */; };
		5B1818701D790AF700DAD7CA /* Level9.png in Resources */ = {isa = PBXBuildFile; fileRef = 5B1818671D790AF700DAD7CA /* Level9.png */; };
		5B1818741D790B7700DAD7CA /* F1.jpg in Resources */ = {isa = PBXBuildFile; fileRef = 5B1818711D790B7700DAD7CA /* F1.jpg */; };
		5B1818781D790BB200DAD7CA /* Back1.png in Resources */ = {isa = PBXBuildFile; fileRef = 5B1818771D790BB200DAD7CA /* Back1.png */; };
		5B18187B1D790C4700DAD7CA /* F2.jpg in Resources */ = {isa = PBXBuildFile; fileRef = 5B1818791D790C4700DAD7CA /* F2.jpg */; };
		5B18187C1D790C4700DAD7CA /* F5.jpg in Resources */ = {isa = PBXBuildFile; fileRef = 5B18187A1D790C4700DAD7CA /* F5.jpg */; };
		5B18187E1D790ECA00DAD7CA /* Back2.png in Resources */ = {isa = PBXBuildFile; fileRef = 5B18187D1D790ECA00DAD7CA /* Back2.png */; };
		5B1818861D79118700DAD7CA /* Back3.png in Resources */ = {isa = PBXBuildFile; fileRef = 5B1818851D79118700DAD7CA /* Back3.png */; };
		5B1818881D79123400DAD7CA /* Back4.png in Resources */ = {isa = PBXBuildFile; fileRef = 5B1818871D79123400DAD7CA /* Back4.png */; };
		5B18188A1D79181100DAD7CA /* HE1.png in Resources */ = {isa = PBXBuildFile; fileRef = 5B1818891D79181100DAD7CA /* HE1.png */; };
		5B1818CE1D791A7400DAD7CA /* Level_1.m in Sources */ = {isa = PBXBuildFile; fileRef = 5B1818CD1D791A7400DAD7CA /* Level_1.m */; };
		5B18190E1D791FC700DAD7CA /* SQR1.png in Resources */ = {isa = PBXBuildFile; fileRef = 5B18190D1D791FC700DAD7CA /* SQR1.png */; };
		5B1819101D7921AF00DAD7CA /* HED2.jpg in Resources */ = {isa = PBXBuildFile; fileRef = 5B18190F1D7921AF00DAD7CA /* HED2.jpg */; };
		5B1819141D79231A00DAD7CA /* Back5.png in Resources */ = {isa = PBXBuildFile; fileRef = 5B1819131D79231A00DAD7CA /* Back5.png */; };
		5B1819161D79236E00DAD7CA /* Back6.png in Resources */ = {isa = PBXBuildFile; fileRef = 5B1819151D79236E00DAD7CA /* Back6.png */; };
		5B18191D1D792C0A00DAD7CA /* Fruta_1.png in Resources */ = {isa = PBXBuildFile; fileRef = 5B1819171D792C0A00DAD7CA /* Fruta_1.png */; };
		5B18191E1D792C0A00DAD7CA /* Fruta_2.png in Resources */ = {isa = PBXBuildFile; fileRef = 5B1819181D792C0A00DAD7CA /* Fruta_2.png */; };
		5B18191F1D792C0A00DAD7CA /* Fruta_3.png in Resources */ = {isa = PBXBuildFile; fileRef = 5B1819191D792C0A00DAD7CA /* Fruta_3.png */; };
		5B1819201D792C0A00DAD7CA /* Fruta_4.png in Resources */ = {isa = PBXBuildFile; fileRef = 5B18191A1D792C0A00DAD7CA /* Fruta_4.png */; };
		5B1819211D792C0A00DAD7CA /* Fruta_5.png in Resources */ = {isa = PBXBuildFile; fileRef = 5B18191B1D792C0A00DAD7CA /* Fruta_5.png */; };
		5B1819221D792C0A00DAD7CA /* Fruta_6.png in Resources */ = {isa = PBXBuildFile; fileRef = 5B18191C1D792C0A00DAD7CA /* Fruta_6.png */; };
/* End PBXBuildFile section */

/* Begin PBXFileReference section */
		5B1814DD1D78FEC200DAD7CA /* Proyecto.app */ = {isa = PBXFileReference; explicitFileType = wrapper.application; includeInIndex = 0; path = Proyecto.app; sourceTree = BUILT_PRODUCTS_DIR; };
		5B1814E11D78FEC200DAD7CA /* main.m */ = {isa = PBXFileReference; lastKnownFileType = sourcecode.c.objc; path = main.m; sourceTree = "<group>"; };
		5B1814E31D78FEC200DAD7CA /* AppDelegate.h */ = {isa = PBXFileReference; lastKnownFileType = sourcecode.c.h; path = AppDelegate.h; sourceTree = "<group>"; };
		5B1814E41D78FEC200DAD7CA /* AppDelegate.m */ = {isa = PBXFileReference; lastKnownFileType = sourcecode.c.objc; path = AppDelegate.m; sourceTree = "<group>"; };
		5B1814E61D78FEC200DAD7CA /* Start.h */ = {isa = PBXFileReference; lastKnownFileType = sourcecode.c.h; path = Start.h; sourceTree = "<group>"; };
		5B1814E71D78FEC200DAD7CA /* Start.m */ = {isa = PBXFileReference; lastKnownFileType = sourcecode.c.objc; path = Start.m; sourceTree = "<group>"; };
		5B1814EA1D78FEC200DAD7CA /* Base */ = {isa = PBXFileReference; lastKnownFileType = file.storyboard; name = Base; path = Base.lproj/Main.storyboard; sourceTree = "<group>"; };
		5B1814ED1D78FEC200DAD7CA /* Proyecto.xcdatamodel */ = {isa = PBXFileReference; lastKnownFileType = wrapper.xcdatamodel; path = Proyecto.xcdatamodel; sourceTree = "<group>"; };
		5B1814EF1D78FEC200DAD7CA /* Assets.xcassets */ = {isa = PBXFileReference; lastKnownFileType = folder.assetcatalog; path = Assets.xcassets; sourceTree = "<group>"; };
		5B1814F21D78FEC200DAD7CA /* Base */ = {isa = PBXFileReference; lastKnownFileType = file.storyboard; name = Base; path = Base.lproj/LaunchScreen.storyboard; sourceTree = "<group>"; };
		5B1814F41D78FEC200DAD7CA /* Info.plist */ = {isa = PBXFileReference; lastKnownFileType = text.plist.xml; path = Info.plist; sourceTree = "<group>"; };
		5B1818401D79009500DAD7CA /* PF2.jpg */ = {isa = PBXFileReference; lastKnownFileType = image.jpeg; path = PF2.jpg; sourceTree = "<group>"; };
		5B18184C1D79048B00DAD7CA /* Footer_1.png */ = {isa = PBXFileReference; lastKnownFileType = image.png; path = Footer_1.png; sourceTree = "<group>"; };
		5B18184E1D7904E500DAD7CA /* Footer_2.png */ = {isa = PBXFileReference; lastKnownFileType = image.png; path = Footer_2.png; sourceTree = "<group>"; };
		5B1818521D79061100DAD7CA /* T2.png */ = {isa = PBXFileReference; lastKnownFileType = image.png; path = T2.png; sourceTree = "<group>"; };
		5B1818541D79066300DAD7CA /* Btt2.png */ = {isa = PBXFileReference; lastKnownFileType = image.png; path = Btt2.png; sourceTree = "<group>"; };
		5B1818561D79066900DAD7CA /* Icon_1.png */ = {isa = PBXFileReference; lastKnownFileType = image.png; path = Icon_1.png; sourceTree = "<group>"; };
		5B1818581D79078A00DAD7CA /* Second_Display.h */ = {isa = PBXFileReference; fileEncoding = 4; lastKnownFileType = sourcecode.c.h; path = Second_Display.h; sourceTree = "<group>"; };
		5B1818591D79078A00DAD7CA /* Second_Display.m */ = {isa = PBXFileReference; fileEncoding = 4; lastKnownFileType = sourcecode.c.objc; path = Second_Display.m; sourceTree = "<group>"; };
		5B18185F1D790AF700DAD7CA /* Level1.png */ = {isa = PBXFileReference; lastKnownFileType = image.png; path = Level1.png; sourceTree = "<group>"; };
		5B1818601D790AF700DAD7CA /* Level2.png */ = {isa = PBXFileReference; lastKnownFileType = image.png; path = Level2.png; sourceTree = "<group>"; };
		5B1818611D790AF700DAD7CA /* Level3.png */ = {isa = PBXFileReference; lastKnownFileType = image.png; path = Level3.png; sourceTree = "<group>"; };
		5B1818621D790AF700DAD7CA /* Level4.png */ = {isa = PBXFileReference; lastKnownFileType = image.png; path = Level4.png; sourceTree = "<group>"; };
		5B1818631D790AF700DAD7CA /* Level5.png */ = {isa = PBXFileReference; lastKnownFileType = image.png; path = Level5.png; sourceTree = "<group>"; };
		5B1818641D790AF700DAD7CA /* Level6.png */ = {isa = PBXFileReference; lastKnownFileType = image.png; path = Level6.png; sourceTree = "<group>"; };
		5B1818651D790AF700DAD7CA /* Level7.png */ = {isa = PBXFileReference; lastKnownFileType = image.png; path = Level7.png; sourceTree = "<group>"; };
		5B1818661D790AF700DAD7CA /* Level8.png */ = {isa = PBXFileReference; lastKnownFileType = image.png; path = Level8.png; sourceTree = "<group>"; };
		5B1818671D790AF700DAD7CA /* Level9.png */ = {isa = PBXFileReference; lastKnownFileType = image.png; path = Level9.png; sourceTree = "<group>"; };
		5B1818711D790B7700DAD7CA /* F1.jpg */ = {isa = PBXFileReference; lastKnownFileType = image.jpeg; path = F1.jpg; sourceTree = "<group>"; };
		5B1818771D790BB200DAD7CA /* Back1.png */ = {isa = PBXFileReference; lastKnownFileType = image.png; path = Back1.png; sourceTree = "<group>"; };
		5B1818791D790C4700DAD7CA /* F2.jpg */ = {isa = PBXFileReference; lastKnownFileType = image.jpeg; path = F2.jpg; sourceTree = "<group>"; };
		5B18187A1D790C4700DAD7CA /* F5.jpg */ = {isa = PBXFileReference; lastKnownFileType = image.jpeg; path = F5.jpg; sourceTree = "<group>"; };
		5B18187D1D790ECA00DAD7CA /* Back2.png */ = {isa = PBXFileReference; lastKnownFileType = image.png; path = Back2.png; sourceTree = "<group>"; };
		5B1818851D79118700DAD7CA /* Back3.png */ = {isa = PBXFileReference; lastKnownFileType = image.png; path = Back3.png; sourceTree = "<group>"; };
		5B1818871D79123400DAD7CA /* Back4.png */ = {isa = PBXFileReference; lastKnownFileType = image.png; path = Back4.png; sourceTree = "<group>"; };
		5B1818891D79181100DAD7CA /* HE1.png */ = {isa = PBXFileReference; lastKnownFileType = image.png; path = HE1.png; sourceTree = "<group>"; };
		5B1818CC1D791A7400DAD7CA /* Level_1.h */ = {isa = PBXFileReference; fileEncoding = 4; lastKnownFileType = sourcecode.c.h; path = Level_1.h; sourceTree = "<group>"; };
		5B1818CD1D791A7400DAD7CA /* Level_1.m */ = {isa = PBXFileReference; fileEncoding = 4; lastKnownFileType = sourcecode.c.objc; path = Level_1.m; sourceTree = "<group>"; };
		5B18190D1D791FC700DAD7CA /* SQR1.png */ = {isa = PBXFileReference; lastKnownFileType = image.png; path = SQR1.png; sourceTree = "<group>"; };
		5B18190F1D7921AF00DAD7CA /* HED2.jpg */ = {isa = PBXFileReference; lastKnownFileType = image.jpeg; path = HED2.jpg; sourceTree = "<group>"; };
		5B1819131D79231A00DAD7CA /* Back5.png */ = {isa = PBXFileReference; lastKnownFileType = image.png; path = Back5.png; sourceTree = "<group>"; };
		5B1819151D79236E00DAD7CA /* Back6.png */ = {isa = PBXFileReference; lastKnownFileType = image.png; path = Back6.png; sourceTree = "<group>"; };
		5B1819171D792C0A00DAD7CA /* Fruta_1.png */ = {isa = PBXFileReference; lastKnownFileType = image.png; path = Fruta_1.png; sourceTree = "<group>"; };
		5B1819181D792C0A00DAD7CA /* Fruta_2.png */ = {isa = PBXFileReference; lastKnownFileType = image.png; path = Fruta_2.png; sourceTree = "<group>"; };
		5B1819191D792C0A00DAD7CA /* Fruta_3.png */ = {isa = PBXFileReference; lastKnownFileType = image.png; path = Fruta_3.png; sourceTree = "<group>"; };
		5B18191A1D792C0A00DAD7CA /* Fruta_4.png */ = {isa = PBXFileReference; lastKnownFileType = image.png; path = Fruta_4.png; sourceTree = "<group>"; };
		5B18191B1D792C0A00DAD7CA /* Fruta_5.png */ = {isa = PBXFileReference; lastKnownFileType = image.png; path = Fruta_5.png; sourceTree = "<group>"; };
		5B18191C1D792C0A00DAD7CA /* Fruta_6.png */ = {isa = PBXFileReference; lastKnownFileType = image.png; path = Fruta_6.png; sourceTree = "<group>"; };
/* End PBXFileReference section */

/* Begin PBXFrameworksBuildPhase section */
		5B1814DA1D78FEC200DAD7CA /* Frameworks */ = {
			isa = PBXFrameworksBuildPhase;
			buildActionMask = 2147483647;
			files = (
			);
			runOnlyForDeploymentPostprocessing = 0;
		};
/* End PBXFrameworksBuildPhase section */

/* Begin PBXGroup section */
		5B1814D41D78FEC200DAD7CA = {
			isa = PBXGroup;
			children = (
				5B1814DF1D78FEC200DAD7CA /* Proyecto */,
				5B1814DE1D78FEC200DAD7CA /* Products */,
			);
			sourceTree = "<group>";
		};
		5B1814DE1D78FEC200DAD7CA /* Products */ = {
			isa = PBXGroup;
			children = (
				5B1814DD1D78FEC200DAD7CA /* Proyecto.app */,
			);
			name = Products;
			sourceTree = "<group>";
		};
		5B1814DF1D78FEC200DAD7CA /* Proyecto */ = {
			isa = PBXGroup;
			children = (
				5B1819241D792CB800DAD7CA /* Declarations */,
				5B18183F1D79008600DAD7CA /* images */,
				5B1814FC1D78FF0900DAD7CA /* Controllers */,
				5B1814FA1D78FEFA00DAD7CA /* Main */,
				5B1814E91D78FEC200DAD7CA /* Main.storyboard */,
				5B1814EF1D78FEC200DAD7CA /* Assets.xcassets */,
				5B1814F11D78FEC200DAD7CA /* LaunchScreen.storyboard */,
				5B1814F41D78FEC200DAD7CA /* Info.plist */,
				5B1814EC1D78FEC200DAD7CA /* Proyecto.xcdatamodeld */,
				5B1814E01D78FEC200DAD7CA /* Supporting Files */,
			);
			path = Proyecto;
			sourceTree = "<group>";
		};
		5B1814E01D78FEC200DAD7CA /* Supporting Files */ = {
			isa = PBXGroup;
			children = (
				5B1814E11D78FEC200DAD7CA /* main.m */,
			);
			name = "Supporting Files";
			sourceTree = "<group>";
		};
		5B1814FA1D78FEFA00DAD7CA /* Main */ = {
			isa = PBXGroup;
			children = (
				5B1814E31D78FEC200DAD7CA /* AppDelegate.h */,
				5B1814E41D78FEC200DAD7CA /* AppDelegate.m */,
			);
			name = Main;
			sourceTree = "<group>";
		};
		5B1814FC1D78FF0900DAD7CA /* Controllers */ = {
			isa = PBXGroup;
			children = (
				5B1814E61D78FEC200DAD7CA /* Start.h */,
				5B1814E71D78FEC200DAD7CA /* Start.m */,
				5B1818581D79078A00DAD7CA /* Second_Display.h */,
				5B1818591D79078A00DAD7CA /* Second_Display.m */,
				5B1818CC1D791A7400DAD7CA /* Level_1.h */,
				5B1818CD1D791A7400DAD7CA /* Level_1.m */,
			);
			name = Controllers;
			sourceTree = "<group>";
		};
		5B18183F1D79008600DAD7CA /* images */ = {
			isa = PBXGroup;
			children = (
				5B18190D1D791FC700DAD7CA /* SQR1.png */,
				5B18188C1D791A0D00DAD7CA /* Niveles */,
				5B18188B1D79181600DAD7CA /* Headers */,
				5B1818841D79114300DAD7CA /* Iconos Generales */,
				5B1818821D7910CA00DAD7CA /* Fondos */,
				5B1818811D7910AC00DAD7CA /* Footers */,
				5B18187F1D79109100DAD7CA /* Botones */,
			);
			name = images;
			sourceTree = "<group>";
		};
		5B18185E1D790AD800DAD7CA /* Levels */ = {
			isa = PBXGroup;
			children = (
				5B18185F1D790AF700DAD7CA /* Level1.png */,
				5B1818601D790AF700DAD7CA /* Level2.png */,
				5B1818611D790AF700DAD7CA /* Level3.png */,
				5B1818621D790AF700DAD7CA /* Level4.png */,
				5B1818631D790AF700DAD7CA /* Level5.png */,
				5B1818641D790AF700DAD7CA /* Level6.png */,
				5B1818651D790AF700DAD7CA /* Level7.png */,
				5B1818661D790AF700DAD7CA /* Level8.png */,
				5B1818671D790AF700DAD7CA /* Level9.png */,
			);
			name = Levels;
			sourceTree = "<group>";
		};
		5B18187F1D79109100DAD7CA /* Botones */ = {
			isa = PBXGroup;
			children = (
				5B1818831D7910EF00DAD7CA /* Start */,
				5B1818801D79109F00DAD7CA /* Back */,
				5B18185E1D790AD800DAD7CA /* Levels */,
			);
			name = Botones;
			sourceTree = "<group>";
		};
		5B1818801D79109F00DAD7CA /* Back */ = {
			isa = PBXGroup;
			children = (
				5B1819131D79231A00DAD7CA /* Back5.png */,
				5B1818871D79123400DAD7CA /* Back4.png */,
				5B1818851D79118700DAD7CA /* Back3.png */,
				5B1818771D790BB200DAD7CA /* Back1.png */,
				5B18187D1D790ECA00DAD7CA /* Back2.png */,
				5B1819151D79236E00DAD7CA /* Back6.png */,
			);
			name = Back;
			sourceTree = "<group>";
		};
		5B1818811D7910AC00DAD7CA /* Footers */ = {
			isa = PBXGroup;
			children = (
				5B18184C1D79048B00DAD7CA /* Footer_1.png */,
				5B18184E1D7904E500DAD7CA /* Footer_2.png */,
			);
			name = Footers;
			sourceTree = "<group>";
		};
		5B1818821D7910CA00DAD7CA /* Fondos */ = {
			isa = PBXGroup;
			children = (
				5B1818711D790B7700DAD7CA /* F1.jpg */,
				5B1818401D79009500DAD7CA /* PF2.jpg */,
				5B1818791D790C4700DAD7CA /* F2.jpg */,
				5B18187A1D790C4700DAD7CA /* F5.jpg */,
			);
			name = Fondos;
			sourceTree = "<group>";
		};
		5B1818831D7910EF00DAD7CA /* Start */ = {
			isa = PBXGroup;
			children = (
				5B1818541D79066300DAD7CA /* Btt2.png */,
			);
			name = Start;
			sourceTree = "<group>";
		};
		5B1818841D79114300DAD7CA /* Iconos Generales */ = {
			isa = PBXGroup;
			children = (
				5B1818521D79061100DAD7CA /* T2.png */,
				5B1818561D79066900DAD7CA /* Icon_1.png */,
			);
			name = "Iconos Generales";
			sourceTree = "<group>";
		};
		5B18188B1D79181600DAD7CA /* Headers */ = {
			isa = PBXGroup;
			children = (
				5B18190F1D7921AF00DAD7CA /* HED2.jpg */,
				5B1818891D79181100DAD7CA /* HE1.png */,
			);
			name = Headers;
			sourceTree = "<group>";
		};
		5B18188C1D791A0D00DAD7CA /* Niveles */ = {
			isa = PBXGroup;
			children = (
				5B18188D1D791A1A00DAD7CA /* Nivel_1 */,
			);
			name = Niveles;
			sourceTree = "<group>";
		};
		5B18188D1D791A1A00DAD7CA /* Nivel_1 */ = {
			isa = PBXGroup;
			children = (
				5B1819231D792C1700DAD7CA /* Frutas */,
			);
			name = Nivel_1;
			sourceTree = "<group>";
		};
		5B1819231D792C1700DAD7CA /* Frutas */ = {
			isa = PBXGroup;
			children = (
				5B1819171D792C0A00DAD7CA /* Fruta_1.png */,
				5B1819181D792C0A00DAD7CA /* Fruta_2.png */,
				5B1819191D792C0A00DAD7CA /* Fruta_3.png */,
				5B18191A1D792C0A00DAD7CA /* Fruta_4.png */,
				5B18191B1D792C0A00DAD7CA /* Fruta_5.png */,
				5B18191C1D792C0A00DAD7CA /* Fruta_6.png */,
			);
			name = Frutas;
			sourceTree = "<group>";
		};
		5B1819241D792CB800DAD7CA /* Declarations */ = {
			isa = PBXGroup;
			children = (
			);
			name = Declarations;
			sourceTree = "<group>";
		};
/* End PBXGroup section */

/* Begin PBXNativeTarget section */
		5B1814DC1D78FEC200DAD7CA /* Proyecto */ = {
			isa = PBXNativeTarget;
			buildConfigurationList = 5B1814F71D78FEC200DAD7CA /* Build configuration list for PBXNativeTarget "Proyecto" */;
			buildPhases = (
				5B1814D91D78FEC200DAD7CA /* Sources */,
				5B1814DA1D78FEC200DAD7CA /* Frameworks */,
				5B1814DB1D78FEC200DAD7CA /* Resources */,
			);
			buildRules = (
			);
			dependencies = (
			);
			name = Proyecto;
			productName = Proyecto;
			productReference = 5B1814DD1D78FEC200DAD7CA /* Proyecto.app */;
			productType = "com.apple.product-type.application";
		};
/* End PBXNativeTarget section */

/* Begin PBXProject section */
		5B1814D51D78FEC200DAD7CA /* Project object */ = {
			isa = PBXProject;
			attributes = {
				LastUpgradeCheck = 0730;
				ORGANIZATIONNAME = UAG;
				TargetAttributes = {
					5B1814DC1D78FEC200DAD7CA = {
						CreatedOnToolsVersion = 7.3.1;
					};
				};
			};
			buildConfigurationList = 5B1814D81D78FEC200DAD7CA /* Build configuration list for PBXProject "Proyecto" */;
			compatibilityVersion = "Xcode 3.2";
			developmentRegion = English;
			hasScannedForEncodings = 0;
			knownRegions = (
				en,
				Base,
			);
			mainGroup = 5B1814D41D78FEC200DAD7CA;
			productRefGroup = 5B1814DE1D78FEC200DAD7CA /* Products */;
			projectDirPath = "";
			projectRoot = "";
			targets = (
				5B1814DC1D78FEC200DAD7CA /* Proyecto */,
			);
		};
/* End PBXProject section */

/* Begin PBXResourcesBuildPhase section */
		5B1814DB1D78FEC200DAD7CA /* Resources */ = {
			isa = PBXResourcesBuildPhase;
			buildActionMask = 2147483647;
			files = (
				5B18187C1D790C4700DAD7CA /* F5.jpg in Resources */,
				5B18186A1D790AF700DAD7CA /* Level3.png in Resources */,
				5B18188A1D79181100DAD7CA /* HE1.png in Resources */,
				5B1814F31D78FEC200DAD7CA /* LaunchScreen.storyboard in Resources */,
				5B18187B1D790C4700DAD7CA /* F2.jpg in Resources */,
				5B1819101D7921AF00DAD7CA /* HED2.jpg in Resources */,
				5B1818571D79066900DAD7CA /* Icon_1.png in Resources */,
				5B18186F1D790AF700DAD7CA /* Level8.png in Resources */,
				5B18184F1D7904E500DAD7CA /* Footer_2.png in Resources */,
				5B1814F01D78FEC200DAD7CA /* Assets.xcassets in Resources */,
				5B1818701D790AF700DAD7CA /* Level9.png in Resources */,
				5B1818681D790AF700DAD7CA /* Level1.png in Resources */,
				5B1818411D79009500DAD7CA /* PF2.jpg in Resources */,
				5B1818781D790BB200DAD7CA /* Back1.png in Resources */,
				5B1818881D79123400DAD7CA /* Back4.png in Resources */,
				5B1819161D79236E00DAD7CA /* Back6.png in Resources */,
				5B18184D1D79048B00DAD7CA /* Footer_1.png in Resources */,
				5B18191F1D792C0A00DAD7CA /* Fruta_3.png in Resources */,
				5B1818691D790AF700DAD7CA /* Level2.png in Resources */,
				5B18186D1D790AF700DAD7CA /* Level6.png in Resources */,
				5B1819211D792C0A00DAD7CA /* Fruta_5.png in Resources */,
				5B1818551D79066300DAD7CA /* Btt2.png in Resources */,
				5B1818861D79118700DAD7CA /* Back3.png in Resources */,
				5B18190E1D791FC700DAD7CA /* SQR1.png in Resources */,
				5B1819221D792C0A00DAD7CA /* Fruta_6.png in Resources */,
				5B18187E1D790ECA00DAD7CA /* Back2.png in Resources */,
				5B18186C1D790AF700DAD7CA /* Level5.png in Resources */,
				5B1818741D790B7700DAD7CA /* F1.jpg in Resources */,
				5B18186E1D790AF700DAD7CA /* Level7.png in Resources */,
				5B18191D1D792C0A00DAD7CA /* Fruta_1.png in Resources */,
				5B18186B1D790AF700DAD7CA /* Level4.png in Resources */,
				5B1819201D792C0A00DAD7CA /* Fruta_4.png in Resources */,
				5B18191E1D792C0A00DAD7CA /* Fruta_2.png in Resources */,
				5B1814EB1D78FEC200DAD7CA /* Main.storyboard in Resources */,
				5B1818531D79061100DAD7CA /* T2.png in Resources */,
				5B1819141D79231A00DAD7CA /* Back5.png in Resources */,
			);
			runOnlyForDeploymentPostprocessing = 0;
		};
/* End PBXResourcesBuildPhase section */

/* Begin PBXSourcesBuildPhase section */
		5B1814D91D78FEC200DAD7CA /* Sources */ = {
			isa = PBXSourcesBuildPhase;
			buildActionMask = 2147483647;
			files = (
				5B1818CE1D791A7400DAD7CA /* Level_1.m in Sources */,
				5B1814E81D78FEC200DAD7CA /* Start.m in Sources */,
				5B1814E51D78FEC200DAD7CA /* AppDelegate.m in Sources */,
				5B18185A1D79078A00DAD7CA /* Second_Display.m in Sources */,
				5B1814EE1D78FEC200DAD7CA /* Proyecto.xcdatamodeld in Sources */,
				5B1814E21D78FEC200DAD7CA /* main.m in Sources */,
			);
			runOnlyForDeploymentPostprocessing = 0;
		};
/* End PBXSourcesBuildPhase section */

/* Begin PBXVariantGroup section */
		5B1814E91D78FEC200DAD7CA /* Main.storyboard */ = {
			isa = PBXVariantGroup;
			children = (
				5B1814EA1D78FEC200DAD7CA /* Base */,
			);
			name = Main.storyboard;
			sourceTree = "<group>";
		};
		5B1814F11D78FEC200DAD7CA /* LaunchScreen.storyboard */ = {
			isa = PBXVariantGroup;
			children = (
				5B1814F21D78FEC200DAD7CA /* Base */,
			);
			name = LaunchScreen.storyboard;
			sourceTree = "<group>";
		};
/* End PBXVariantGroup section */

/* Begin XCBuildConfiguration section */
		5B1814F51D78FEC200DAD7CA /* Debug */ = {
			isa = XCBuildConfiguration;
			buildSettings = {
				ALWAYS_SEARCH_USER_PATHS = NO;
				CLANG_ANALYZER_NONNULL = YES;
				CLANG_CXX_LANGUAGE_STANDARD = "gnu++0x";
				CLANG_CXX_LIBRARY = "libc++";
				CLANG_ENABLE_MODULES = YES;
				CLANG_ENABLE_OBJC_ARC = YES;
				CLANG_WARN_BOOL_CONVERSION = YES;
				CLANG_WARN_CONSTANT_CONVERSION = YES;
				CLANG_WARN_DIRECT_OBJC_ISA_USAGE = YES_ERROR;
				CLANG_WARN_EMPTY_BODY = YES;
				CLANG_WARN_ENUM_CONVERSION = YES;
				CLANG_WARN_INT_CONVERSION = YES;
				CLANG_WARN_OBJC_ROOT_CLASS = YES_ERROR;
				CLANG_WARN_UNREACHABLE_CODE = YES;
				CLANG_WARN__DUPLICATE_METHOD_MATCH = YES;
				"CODE_SIGN_IDENTITY[sdk=iphoneos*]" = "iPhone Developer";
				COPY_PHASE_STRIP = NO;
				DEBUG_INFORMATION_FORMAT = dwarf;
				ENABLE_STRICT_OBJC_MSGSEND = YES;
				ENABLE_TESTABILITY = YES;
				GCC_C_LANGUAGE_STANDARD = gnu99;
				GCC_DYNAMIC_NO_PIC = NO;
				GCC_NO_COMMON_BLOCKS = YES;
				GCC_OPTIMIZATION_LEVEL = 0;
				GCC_PREPROCESSOR_DEFINITIONS = (
					"DEBUG=1",
					"$(inherited)",
				);
				GCC_WARN_64_TO_32_BIT_CONVERSION = YES;
				GCC_WARN_ABOUT_RETURN_TYPE = YES_ERROR;
				GCC_WARN_UNDECLARED_SELECTOR = YES;
				GCC_WARN_UNINITIALIZED_AUTOS = YES_AGGRESSIVE;
				GCC_WARN_UNUSED_FUNCTION = YES;
				GCC_WARN_UNUSED_VARIABLE = YES;
				IPHONEOS_DEPLOYMENT_TARGET = 9.3;
				MTL_ENABLE_DEBUG_INFO = YES;
				ONLY_ACTIVE_ARCH = YES;
				SDKROOT = iphoneos;
			};
			name = Debug;
		};
		5B1814F61D78FEC200DAD7CA /* Release */ = {
			isa = XCBuildConfiguration;
			buildSettings = {
				ALWAYS_SEARCH_USER_PATHS = NO;
				CLANG_ANALYZER_NONNULL = YES;
				CLANG_CXX_LANGUAGE_STANDARD = "gnu++0x";
				CLANG_CXX_LIBRARY = "libc++";
				CLANG_ENABLE_MODULES = YES;
				CLANG_ENABLE_OBJC_ARC = YES;
				CLANG_WARN_BOOL_CONVERSION = YES;
				CLANG_WARN_CONSTANT_CONVERSION = YES;
				CLANG_WARN_DIRECT_OBJC_ISA_USAGE = YES_ERROR;
				CLANG_WARN_EMPTY_BODY = YES;
				CLANG_WARN_ENUM_CONVERSION = YES;
				CLANG_WARN_INT_CONVERSION = YES;
				CLANG_WARN_OBJC_ROOT_CLASS = YES_ERROR;
				CLANG_WARN_UNREACHABLE_CODE = YES;
				CLANG_WARN__DUPLICATE_METHOD_MATCH = YES;
				"CODE_SIGN_IDENTITY[sdk=iphoneos*]" = "iPhone Developer";
				COPY_PHASE_STRIP = NO;
				DEBUG_INFORMATION_FORMAT = "dwarf-with-dsym";
				ENABLE_NS_ASSERTIONS = NO;
				ENABLE_STRICT_OBJC_MSGSEND = YES;
				GCC_C_LANGUAGE_STANDARD = gnu99;
				GCC_NO_COMMON_BLOCKS = YES;
				GCC_WARN_64_TO_32_BIT_CONVERSION = YES;
				GCC_WARN_ABOUT_RETURN_TYPE = YES_ERROR;
				GCC_WARN_UNDECLARED_SELECTOR = YES;
				GCC_WARN_UNINITIALIZED_AUTOS = YES_AGGRESSIVE;
				GCC_WARN_UNUSED_FUNCTION = YES;
				GCC_WARN_UNUSED_VARIABLE = YES;
				IPHONEOS_DEPLOYMENT_TARGET = 9.3;
				MTL_ENABLE_DEBUG_INFO = NO;
				SDKROOT = iphoneos;
				VALIDATE_PRODUCT = YES;
			};
			name = Release;
		};
		5B1814F81D78FEC200DAD7CA /* Debug */ = {
			isa = XCBuildConfiguration;
			buildSettings = {
				ASSETCATALOG_COMPILER_APPICON_NAME = AppIcon;
				INFOPLIST_FILE = Proyecto/Info.plist;
				LD_RUNPATH_SEARCH_PATHS = "$(inherited) @executable_path/Frameworks";
				PRODUCT_BUNDLE_IDENTIFIER = com.UAG.Proyecto;
				PRODUCT_NAME = "$(TARGET_NAME)";
			};
			name = Debug;
		};
		5B1814F91D78FEC200DAD7CA /* Release */ = {
			isa = XCBuildConfiguration;
			buildSettings = {
				ASSETCATALOG_COMPILER_APPICON_NAME = AppIcon;
				INFOPLIST_FILE = Proyecto/Info.plist;
				LD_RUNPATH_SEARCH_PATHS = "$(inherited) @executable_path/Frameworks";
				PRODUCT_BUNDLE_IDENTIFIER = com.UAG.Proyecto;
				PRODUCT_NAME = "$(TARGET_NAME)";
			};
			name = Release;
		};
/* End XCBuildConfiguration section */

/* Begin XCConfigurationList section */
		5B1814D81D78FEC200DAD7CA /* Build configuration list for PBXProject "Proyecto" */ = {
			isa = XCConfigurationList;
			buildConfigurations = (
				5B1814F51D78FEC200DAD7CA /* Debug */,
				5B1814F61D78FEC200DAD7CA /* Release */,
			);
			defaultConfigurationIsVisible = 0;
			defaultConfigurationName = Release;
		};
		5B1814F71D78FEC200DAD7CA /* Build configuration list for PBXNativeTarget "Proyecto" */ = {
			isa = XCConfigurationList;
			buildConfigurations = (
				5B1814F81D78FEC200DAD7CA /* Debug */,
				5B1814F91D78FEC200DAD7CA /* Release */,
			);
			defaultConfigurationIsVisible = 0;
			defaultConfigurationName = Release;
		};
/* End XCConfigurationList section */

/* Begin XCVersionGroup section */
		5B1814EC1D78FEC200DAD7CA /* Proyecto.xcdatamodeld */ = {
			isa = XCVersionGroup;
			children = (
				5B1814ED1D78FEC200DAD7CA /* Proyecto.xcdatamodel */,
			);
			currentVersion = 5B1814ED1D78FEC200DAD7CA /* Proyecto.xcdatamodel */;
			path = Proyecto.xcdatamodeld;
			sourceTree = "<group>";
			versionGroupType = wrapper.xcdatamodel;
		};
/* End XCVersionGroup section */
	};
	rootObject = 5B1814D51D78FEC200DAD7CA /* Project object */;
}
